
Microsoft Visual Studio Solution File, Format Version 12.00
# Visual Studio Version 17
VisualStudioVersion = 17.5.33627.172
MinimumVisualStudioVersion = 10.0.40219.1
Project("{FAE04EC0-301F-11D3-BF4B-00C04F79EFBC}") = "pdf.aventia.no", "pdf.aventia.no\pdf.aventia.no.csproj", "{75F1A5F7-0580-4C68-8621-B90D4751D950}"
EndProject
Global
	GlobalSection(SolutionConfigurationPlatforms) = preSolution
		Debug|Any CPU = Debug|Any CPU
		Release|Any CPU = Release|Any CPU
	EndGlobalSection
	GlobalSection(ProjectConfigurationPlatforms) = postSolution
		{75F1A5F7-0580-4C68-8621-B90D4751D950}.Debug|Any CPU.ActiveCfg = Debug|Any CPU
		{75F1A5F7-0580-4C68-8621-B90D4751D950}.Debug|Any CPU.Build.0 = Debug|Any CPU
		{75F1A5F7-0580-4C68-8621-B90D4751D950}.Release|Any CPU.ActiveCfg = Release|Any CPU
		{75F1A5F7-0580-4C68-8621-B90D4751D950}.Release|Any CPU.Build.0 = Release|Any CPU
	EndGlobalSection
	GlobalSection(SolutionProperties) = preSolution
		HideSolutionNode = FALSE
	EndGlobalSection
	GlobalSection(ExtensibilityGlobals) = postSolution
		SolutionGuid = {FFB880DF-DE68-45B9-9306-F5CA2F7CC13F}
	EndGlobalSection
EndGlobal
